// !$*UTF8*$!
{
	archiveVersion = 1;
	classes = {
	};
	objectVersion = 56;
	objects = {

/* Begin PBXBuildFile section */
		0631C5592BCFAE9D0036910D /* AppDelegate.swift in Sources */ = {isa = PBXBuildFile; fileRef = 0631C5582BCFAE9D0036910D /* AppDelegate.swift */; };
		0631C55B2BCFAE9D0036910D /* SceneDelegate.swift in Sources */ = {isa = PBXBuildFile; fileRef = 0631C55A2BCFAE9D0036910D /* SceneDelegate.swift */; };
		0631C55D2BCFAE9D0036910D /* CalculatorVC.swift in Sources */ = {isa = PBXBuildFile; fileRef = 0631C55C2BCFAE9D0036910D /* CalculatorVC.swift */; };
		0631C5622BCFAE9F0036910D /* Assets.xcassets in Resources */ = {isa = PBXBuildFile; fileRef = 0631C5612BCFAE9F0036910D /* Assets.xcassets */; };
		0631C5652BCFAE9F0036910D /* LaunchScreen.storyboard in Resources */ = {isa = PBXBuildFile; fileRef = 0631C5632BCFAE9F0036910D /* LaunchScreen.storyboard */; };
		0631C5702BCFAEA00036910D /* TipCaliculatorTests.swift in Sources */ = {isa = PBXBuildFile; fileRef = 0631C56F2BCFAEA00036910D /* TipCaliculatorTests.swift */; };
		0631C57A2BCFAEA00036910D /* TipCaliculatorUITests.swift in Sources */ = {isa = PBXBuildFile; fileRef = 0631C5792BCFAEA00036910D /* TipCaliculatorUITests.swift */; };
		0631C57C2BCFAEA00036910D /* TipCaliculatorUITestsLaunchTests.swift in Sources */ = {isa = PBXBuildFile; fileRef = 0631C57B2BCFAEA00036910D /* TipCaliculatorUITestsLaunchTests.swift */; };
		0631C58A2BCFAF0C0036910D /* CombineCocoa in Frameworks */ = {isa = PBXBuildFile; productRef = 0631C5892BCFAF0C0036910D /* CombineCocoa */; };
		0631C58E2BCFB0160036910D /* CombineCocoa in Frameworks */ = {isa = PBXBuildFile; productRef = 0631C58D2BCFB0160036910D /* CombineCocoa */; };
		0631C5912BCFB0900036910D /* SnapshotTesting in Frameworks */ = {isa = PBXBuildFile; productRef = 0631C5902BCFB0900036910D /* SnapshotTesting */; };
		0631C5932BCFB0B60036910D /* CombineCocoa in Frameworks */ = {isa = PBXBuildFile; productRef = 0631C5922BCFB0B60036910D /* CombineCocoa */; };
		0631C5962BCFB4540036910D /* LogoView.swift in Sources */ = {isa = PBXBuildFile; fileRef = 0631C5952BCFB4540036910D /* LogoView.swift */; };
		0631C5982BCFB59E0036910D /* ResultView.swift in Sources */ = {isa = PBXBuildFile; fileRef = 0631C5972BCFB59E0036910D /* ResultView.swift */; };
		0631C59A2BCFB5BC0036910D /* BillInputView.swift in Sources */ = {isa = PBXBuildFile; fileRef = 0631C5992BCFB5BC0036910D /* BillInputView.swift */; };
		0631C59C2BCFB5E30036910D /* TipInputView.swift in Sources */ = {isa = PBXBuildFile; fileRef = 0631C59B2BCFB5E30036910D /* TipInputView.swift */; };
		0631C59E2BCFB5FB0036910D /* SplitInputView.swift in Sources */ = {isa = PBXBuildFile; fileRef = 0631C59D2BCFB5FB0036910D /* SplitInputView.swift */; };
		0631C5A02BCFB7B60036910D /* SnapKit in Frameworks */ = {isa = PBXBuildFile; productRef = 0631C59F2BCFB7B60036910D /* SnapKit */; };
		0631C5A32BCFBB5E0036910D /* ThemeColor.swift in Sources */ = {isa = PBXBuildFile; fileRef = 0631C5A22BCFBB5E0036910D /* ThemeColor.swift */; };
		0631C5A52BCFBB6C0036910D /* ThemeFont.swift in Sources */ = {isa = PBXBuildFile; fileRef = 0631C5A42BCFBB6C0036910D /* ThemeFont.swift */; };
		0631C5A82BCFBBDA0036910D /* UIColor+Extension.swift in Sources */ = {isa = PBXBuildFile; fileRef = 0631C5A72BCFBBDA0036910D /* UIColor+Extension.swift */; };
		0631C5AB2BCFC2A10036910D /* LabelFactory.swift in Sources */ = {isa = PBXBuildFile; fileRef = 0631C5AA2BCFC2A10036910D /* LabelFactory.swift */; };
		0631C5AD2BCFFB470036910D /* AmountView.swift in Sources */ = {isa = PBXBuildFile; fileRef = 0631C5AC2BCFFB470036910D /* AmountView.swift */; };
		0631C5AF2BCFFBC80036910D /* UIView+Extension.swift in Sources */ = {isa = PBXBuildFile; fileRef = 0631C5AE2BCFFBC80036910D /* UIView+Extension.swift */; };
		0631C5B12BD032920036910D /* HeaderView.swift in Sources */ = {isa = PBXBuildFile; fileRef = 0631C5B02BD032920036910D /* HeaderView.swift */; };
/* End PBXBuildFile section */

/* Begin PBXContainerItemProxy section */
		0631C56C2BCFAEA00036910D /* PBXContainerItemProxy */ = {
			isa = PBXContainerItemProxy;
			containerPortal = 0631C54D2BCFAE9D0036910D /* Project object */;
			proxyType = 1;
			remoteGlobalIDString = 0631C5542BCFAE9D0036910D;
			remoteInfo = TipCaliculator;
		};
		0631C5762BCFAEA00036910D /* PBXContainerItemProxy */ = {
			isa = PBXContainerItemProxy;
			containerPortal = 0631C54D2BCFAE9D0036910D /* Project object */;
			proxyType = 1;
			remoteGlobalIDString = 0631C5542BCFAE9D0036910D;
			remoteInfo = TipCaliculator;
		};
/* End PBXContainerItemProxy section */

/* Begin PBXFileReference section */
		0631C5552BCFAE9D0036910D /* TipCaliculator.app */ = {isa = PBXFileReference; explicitFileType = wrapper.application; includeInIndex = 0; path = TipCaliculator.app; sourceTree = BUILT_PRODUCTS_DIR; };
		0631C5582BCFAE9D0036910D /* AppDelegate.swift */ = {isa = PBXFileReference; lastKnownFileType = sourcecode.swift; path = AppDelegate.swift; sourceTree = "<group>"; };
		0631C55A2BCFAE9D0036910D /* SceneDelegate.swift */ = {isa = PBXFileReference; lastKnownFileType = sourcecode.swift; path = SceneDelegate.swift; sourceTree = "<group>"; };
		0631C55C2BCFAE9D0036910D /* CalculatorVC.swift */ = {isa = PBXFileReference; lastKnownFileType = sourcecode.swift; path = CalculatorVC.swift; sourceTree = "<group>"; };
		0631C5612BCFAE9F0036910D /* Assets.xcassets */ = {isa = PBXFileReference; lastKnownFileType = folder.assetcatalog; path = Assets.xcassets; sourceTree = "<group>"; };
		0631C5642BCFAE9F0036910D /* Base */ = {isa = PBXFileReference; lastKnownFileType = file.storyboard; name = Base; path = Base.lproj/LaunchScreen.storyboard; sourceTree = "<group>"; };
		0631C5662BCFAE9F0036910D /* Info.plist */ = {isa = PBXFileReference; lastKnownFileType = text.plist.xml; path = Info.plist; sourceTree = "<group>"; };
		0631C56B2BCFAEA00036910D /* TipCaliculatorTests.xctest */ = {isa = PBXFileReference; explicitFileType = wrapper.cfbundle; includeInIndex = 0; path = TipCaliculatorTests.xctest; sourceTree = BUILT_PRODUCTS_DIR; };
		0631C56F2BCFAEA00036910D /* TipCaliculatorTests.swift */ = {isa = PBXFileReference; lastKnownFileType = sourcecode.swift; path = TipCaliculatorTests.swift; sourceTree = "<group>"; };
		0631C5752BCFAEA00036910D /* TipCaliculatorUITests.xctest */ = {isa = PBXFileReference; explicitFileType = wrapper.cfbundle; includeInIndex = 0; path = TipCaliculatorUITests.xctest; sourceTree = BUILT_PRODUCTS_DIR; };
		0631C5792BCFAEA00036910D /* TipCaliculatorUITests.swift */ = {isa = PBXFileReference; lastKnownFileType = sourcecode.swift; path = TipCaliculatorUITests.swift; sourceTree = "<group>"; };
		0631C57B2BCFAEA00036910D /* TipCaliculatorUITestsLaunchTests.swift */ = {isa = PBXFileReference; lastKnownFileType = sourcecode.swift; path = TipCaliculatorUITestsLaunchTests.swift; sourceTree = "<group>"; };
		0631C5952BCFB4540036910D /* LogoView.swift */ = {isa = PBXFileReference; lastKnownFileType = sourcecode.swift; path = LogoView.swift; sourceTree = "<group>"; };
		0631C5972BCFB59E0036910D /* ResultView.swift */ = {isa = PBXFileReference; lastKnownFileType = sourcecode.swift; path = ResultView.swift; sourceTree = "<group>"; };
		0631C5992BCFB5BC0036910D /* BillInputView.swift */ = {isa = PBXFileReference; lastKnownFileType = sourcecode.swift; path = BillInputView.swift; sourceTree = "<group>"; };
		0631C59B2BCFB5E30036910D /* TipInputView.swift */ = {isa = PBXFileReference; lastKnownFileType = sourcecode.swift; path = TipInputView.swift; sourceTree = "<group>"; };
		0631C59D2BCFB5FB0036910D /* SplitInputView.swift */ = {isa = PBXFileReference; lastKnownFileType = sourcecode.swift; path = SplitInputView.swift; sourceTree = "<group>"; };
		0631C5A22BCFBB5E0036910D /* ThemeColor.swift */ = {isa = PBXFileReference; lastKnownFileType = sourcecode.swift; path = ThemeColor.swift; sourceTree = "<group>"; };
		0631C5A42BCFBB6C0036910D /* ThemeFont.swift */ = {isa = PBXFileReference; lastKnownFileType = sourcecode.swift; path = ThemeFont.swift; sourceTree = "<group>"; };
		0631C5A72BCFBBDA0036910D /* UIColor+Extension.swift */ = {isa = PBXFileReference; lastKnownFileType = sourcecode.swift; name = "UIColor+Extension.swift"; path = "../../../../UIColor+Extension.swift"; sourceTree = "<group>"; };
		0631C5AA2BCFC2A10036910D /* LabelFactory.swift */ = {isa = PBXFileReference; lastKnownFileType = sourcecode.swift; path = LabelFactory.swift; sourceTree = "<group>"; };
		0631C5AC2BCFFB470036910D /* AmountView.swift */ = {isa = PBXFileReference; lastKnownFileType = sourcecode.swift; path = AmountView.swift; sourceTree = "<group>"; };
		0631C5AE2BCFFBC80036910D /* UIView+Extension.swift */ = {isa = PBXFileReference; lastKnownFileType = sourcecode.swift; path = "UIView+Extension.swift"; sourceTree = "<group>"; };
		0631C5B02BD032920036910D /* HeaderView.swift */ = {isa = PBXFileReference; lastKnownFileType = sourcecode.swift; path = HeaderView.swift; sourceTree = "<group>"; };
/* End PBXFileReference section */

/* Begin PBXFrameworksBuildPhase section */
		0631C5522BCFAE9D0036910D /* Frameworks */ = {
			isa = PBXFrameworksBuildPhase;
			buildActionMask = 2147483647;
			files = (
				0631C58A2BCFAF0C0036910D /* CombineCocoa in Frameworks */,
				0631C5A02BCFB7B60036910D /* SnapKit in Frameworks */,
			);
			runOnlyForDeploymentPostprocessing = 0;
		};
		0631C5682BCFAEA00036910D /* Frameworks */ = {
			isa = PBXFrameworksBuildPhase;
			buildActionMask = 2147483647;
			files = (
				0631C58E2BCFB0160036910D /* CombineCocoa in Frameworks */,
				0631C5912BCFB0900036910D /* SnapshotTesting in Frameworks */,
			);
			runOnlyForDeploymentPostprocessing = 0;
		};
		0631C5722BCFAEA00036910D /* Frameworks */ = {
			isa = PBXFrameworksBuildPhase;
			buildActionMask = 2147483647;
			files = (
				0631C5932BCFB0B60036910D /* CombineCocoa in Frameworks */,
			);
			runOnlyForDeploymentPostprocessing = 0;
		};
/* End PBXFrameworksBuildPhase section */

/* Begin PBXGroup section */
		0631C54C2BCFAE9D0036910D = {
			isa = PBXGroup;
			children = (
				0631C5572BCFAE9D0036910D /* TipCaliculator */,
				0631C56E2BCFAEA00036910D /* TipCaliculatorTests */,
				0631C5782BCFAEA00036910D /* TipCaliculatorUITests */,
				0631C5562BCFAE9D0036910D /* Products */,
				0631C58C2BCFB0160036910D /* Frameworks */,
			);
			sourceTree = "<group>";
		};
		0631C5562BCFAE9D0036910D /* Products */ = {
			isa = PBXGroup;
			children = (
				0631C5552BCFAE9D0036910D /* TipCaliculator.app */,
				0631C56B2BCFAEA00036910D /* TipCaliculatorTests.xctest */,
				0631C5752BCFAEA00036910D /* TipCaliculatorUITests.xctest */,
			);
			name = Products;
			sourceTree = "<group>";
		};
		0631C5572BCFAE9D0036910D /* TipCaliculator */ = {
			isa = PBXGroup;
			children = (
				0631C5A92BCFC2840036910D /* factory */,
				0631C5A62BCFBB920036910D /* extension */,
				0631C5A12BCFBB400036910D /* Config */,
				0631C5942BCFB43D0036910D /* View */,
				0631C5582BCFAE9D0036910D /* AppDelegate.swift */,
				0631C55A2BCFAE9D0036910D /* SceneDelegate.swift */,
				0631C55C2BCFAE9D0036910D /* CalculatorVC.swift */,
				0631C5612BCFAE9F0036910D /* Assets.xcassets */,
				0631C5632BCFAE9F0036910D /* LaunchScreen.storyboard */,
				0631C5662BCFAE9F0036910D /* Info.plist */,
			);
			path = TipCaliculator;
			sourceTree = "<group>";
		};
		0631C56E2BCFAEA00036910D /* TipCaliculatorTests */ = {
			isa = PBXGroup;
			children = (
				0631C56F2BCFAEA00036910D /* TipCaliculatorTests.swift */,
			);
			path = TipCaliculatorTests;
			sourceTree = "<group>";
		};
		0631C5782BCFAEA00036910D /* TipCaliculatorUITests */ = {
			isa = PBXGroup;
			children = (
				0631C5792BCFAEA00036910D /* TipCaliculatorUITests.swift */,
				0631C57B2BCFAEA00036910D /* TipCaliculatorUITestsLaunchTests.swift */,
			);
			path = TipCaliculatorUITests;
			sourceTree = "<group>";
		};
		0631C58C2BCFB0160036910D /* Frameworks */ = {
			isa = PBXGroup;
			children = (
			);
			name = Frameworks;
			sourceTree = "<group>";
		};
		0631C5942BCFB43D0036910D /* View */ = {
			isa = PBXGroup;
			children = (
				0631C5952BCFB4540036910D /* LogoView.swift */,
				0631C5972BCFB59E0036910D /* ResultView.swift */,
				0631C5992BCFB5BC0036910D /* BillInputView.swift */,
				0631C59B2BCFB5E30036910D /* TipInputView.swift */,
				0631C59D2BCFB5FB0036910D /* SplitInputView.swift */,
				0631C5AC2BCFFB470036910D /* AmountView.swift */,
				0631C5B02BD032920036910D /* HeaderView.swift */,
			);
			path = View;
			sourceTree = "<group>";
		};
		0631C5A12BCFBB400036910D /* Config */ = {
			isa = PBXGroup;
			children = (
				0631C5A22BCFBB5E0036910D /* ThemeColor.swift */,
				0631C5A42BCFBB6C0036910D /* ThemeFont.swift */,
			);
			path = Config;
			sourceTree = "<group>";
		};
		0631C5A62BCFBB920036910D /* extension */ = {
			isa = PBXGroup;
			children = (
				0631C5A72BCFBBDA0036910D /* UIColor+Extension.swift */,
				0631C5AE2BCFFBC80036910D /* UIView+Extension.swift */,
			);
			path = extension;
			sourceTree = "<group>";
		};
		0631C5A92BCFC2840036910D /* factory */ = {
			isa = PBXGroup;
			children = (
				0631C5AA2BCFC2A10036910D /* LabelFactory.swift */,
			);
			name = factory;
			sourceTree = "<group>";
		};
/* End PBXGroup section */

/* Begin PBXNativeTarget section */
		0631C5542BCFAE9D0036910D /* TipCaliculator */ = {
			isa = PBXNativeTarget;
			buildConfigurationList = 0631C57F2BCFAEA00036910D /* Build configuration list for PBXNativeTarget "TipCaliculator" */;
			buildPhases = (
				0631C5512BCFAE9D0036910D /* Sources */,
				0631C5522BCFAE9D0036910D /* Frameworks */,
				0631C5532BCFAE9D0036910D /* Resources */,
			);
			buildRules = (
			);
			dependencies = (
			);
			name = TipCaliculator;
			packageProductDependencies = (
				0631C5892BCFAF0C0036910D /* CombineCocoa */,
				0631C59F2BCFB7B60036910D /* SnapKit */,
			);
			productName = TipCaliculator;
			productReference = 0631C5552BCFAE9D0036910D /* TipCaliculator.app */;
			productType = "com.apple.product-type.application";
		};
		0631C56A2BCFAEA00036910D /* TipCaliculatorTests */ = {
			isa = PBXNativeTarget;
			buildConfigurationList = 0631C5822BCFAEA00036910D /* Build configuration list for PBXNativeTarget "TipCaliculatorTests" */;
			buildPhases = (
				0631C5672BCFAEA00036910D /* Sources */,
				0631C5682BCFAEA00036910D /* Frameworks */,
				0631C5692BCFAEA00036910D /* Resources */,
			);
			buildRules = (
			);
			dependencies = (
				0631C56D2BCFAEA00036910D /* PBXTargetDependency */,
			);
			name = TipCaliculatorTests;
			packageProductDependencies = (
				0631C58D2BCFB0160036910D /* CombineCocoa */,
				0631C5902BCFB0900036910D /* SnapshotTesting */,
			);
			productName = TipCaliculatorTests;
			productReference = 0631C56B2BCFAEA00036910D /* TipCaliculatorTests.xctest */;
			productType = "com.apple.product-type.bundle.unit-test";
		};
		0631C5742BCFAEA00036910D /* TipCaliculatorUITests */ = {
			isa = PBXNativeTarget;
			buildConfigurationList = 0631C5852BCFAEA00036910D /* Build configuration list for PBXNativeTarget "TipCaliculatorUITests" */;
			buildPhases = (
				0631C5712BCFAEA00036910D /* Sources */,
				0631C5722BCFAEA00036910D /* Frameworks */,
				0631C5732BCFAEA00036910D /* Resources */,
			);
			buildRules = (
			);
			dependencies = (
				0631C5772BCFAEA00036910D /* PBXTargetDependency */,
			);
			name = TipCaliculatorUITests;
			packageProductDependencies = (
				0631C5922BCFB0B60036910D /* CombineCocoa */,
			);
			productName = TipCaliculatorUITests;
			productReference = 0631C5752BCFAEA00036910D /* TipCaliculatorUITests.xctest */;
			productType = "com.apple.product-type.bundle.ui-testing";
		};
/* End PBXNativeTarget section */

/* Begin PBXProject section */
		0631C54D2BCFAE9D0036910D /* Project object */ = {
			isa = PBXProject;
			attributes = {
				BuildIndependentTargetsInParallel = 1;
				LastSwiftUpdateCheck = 1520;
				LastUpgradeCheck = 1520;
				TargetAttributes = {
					0631C5542BCFAE9D0036910D = {
						CreatedOnToolsVersion = 15.2;
					};
					0631C56A2BCFAEA00036910D = {
						CreatedOnToolsVersion = 15.2;
						TestTargetID = 0631C5542BCFAE9D0036910D;
					};
					0631C5742BCFAEA00036910D = {
						CreatedOnToolsVersion = 15.2;
						TestTargetID = 0631C5542BCFAE9D0036910D;
					};
				};
			};
			buildConfigurationList = 0631C5502BCFAE9D0036910D /* Build configuration list for PBXProject "TipCaliculator" */;
			compatibilityVersion = "Xcode 14.0";
			developmentRegion = en;
			hasScannedForEncodings = 0;
			knownRegions = (
				en,
				Base,
			);
			mainGroup = 0631C54C2BCFAE9D0036910D;
			packageReferences = (
				0631C5882BCFAF0C0036910D /* XCRemoteSwiftPackageReference "CombineCocoa" */,
				0631C58B2BCFAF400036910D /* XCRemoteSwiftPackageReference "SnapKit" */,
				0631C58F2BCFB0900036910D /* XCRemoteSwiftPackageReference "swift-snapshot-testing" */,
			);
			productRefGroup = 0631C5562BCFAE9D0036910D /* Products */;
			projectDirPath = "";
			projectRoot = "";
			targets = (
				0631C5542BCFAE9D0036910D /* TipCaliculator */,
				0631C56A2BCFAEA00036910D /* TipCaliculatorTests */,
				0631C5742BCFAEA00036910D /* TipCaliculatorUITests */,
			);
		};
/* End PBXProject section */

/* Begin PBXResourcesBuildPhase section */
		0631C5532BCFAE9D0036910D /* Resources */ = {
			isa = PBXResourcesBuildPhase;
			buildActionMask = 2147483647;
			files = (
				0631C5652BCFAE9F0036910D /* LaunchScreen.storyboard in Resources */,
				0631C5622BCFAE9F0036910D /* Assets.xcassets in Resources */,
			);
			runOnlyForDeploymentPostprocessing = 0;
		};
		0631C5692BCFAEA00036910D /* Resources */ = {
			isa = PBXResourcesBuildPhase;
			buildActionMask = 2147483647;
			files = (
			);
			runOnlyForDeploymentPostprocessing = 0;
		};
		0631C5732BCFAEA00036910D /* Resources */ = {
			isa = PBXResourcesBuildPhase;
			buildActionMask = 2147483647;
			files = (
			);
			runOnlyForDeploymentPostprocessing = 0;
		};
/* End PBXResourcesBuildPhase section */

/* Begin PBXSourcesBuildPhase section */
		0631C5512BCFAE9D0036910D /* Sources */ = {
			isa = PBXSourcesBuildPhase;
			buildActionMask = 2147483647;
			files = (
				0631C55D2BCFAE9D0036910D /* CalculatorVC.swift in Sources */,
				0631C5962BCFB4540036910D /* LogoView.swift in Sources */,
				0631C5A32BCFBB5E0036910D /* ThemeColor.swift in Sources */,
				0631C5A82BCFBBDA0036910D /* UIColor+Extension.swift in Sources */,
				0631C59A2BCFB5BC0036910D /* BillInputView.swift in Sources */,
				0631C5AD2BCFFB470036910D /* AmountView.swift in Sources */,
				0631C5982BCFB59E0036910D /* ResultView.swift in Sources */,
				0631C5592BCFAE9D0036910D /* AppDelegate.swift in Sources */,
				0631C5AF2BCFFBC80036910D /* UIView+Extension.swift in Sources */,
				0631C5A52BCFBB6C0036910D /* ThemeFont.swift in Sources */,
				0631C5B12BD032920036910D /* HeaderView.swift in Sources */,
				0631C55B2BCFAE9D0036910D /* SceneDelegate.swift in Sources */,
				0631C5AB2BCFC2A10036910D /* LabelFactory.swift in Sources */,
				0631C59E2BCFB5FB0036910D /* SplitInputView.swift in Sources */,
				0631C59C2BCFB5E30036910D /* TipInputView.swift in Sources */,
			);
			runOnlyForDeploymentPostprocessing = 0;
		};
		0631C5672BCFAEA00036910D /* Sources */ = {
			isa = PBXSourcesBuildPhase;
			buildActionMask = 2147483647;
			files = (
				0631C5702BCFAEA00036910D /* TipCaliculatorTests.swift in Sources */,
			);
			runOnlyForDeploymentPostprocessing = 0;
		};
		0631C5712BCFAEA00036910D /* Sources */ = {
			isa = PBXSourcesBuildPhase;
			buildActionMask = 2147483647;
			files = (
				0631C57C2BCFAEA00036910D /* TipCaliculatorUITestsLaunchTests.swift in Sources */,
				0631C57A2BCFAEA00036910D /* TipCaliculatorUITests.swift in Sources */,
			);
			runOnlyForDeploymentPostprocessing = 0;
		};
/* End PBXSourcesBuildPhase section */

/* Begin PBXTargetDependency section */
		0631C56D2BCFAEA00036910D /* PBXTargetDependency */ = {
			isa = PBXTargetDependency;
			target = 0631C5542BCFAE9D0036910D /* TipCaliculator */;
			targetProxy = 0631C56C2BCFAEA00036910D /* PBXContainerItemProxy */;
		};
		0631C5772BCFAEA00036910D /* PBXTargetDependency */ = {
			isa = PBXTargetDependency;
			target = 0631C5542BCFAE9D0036910D /* TipCaliculator */;
			targetProxy = 0631C5762BCFAEA00036910D /* PBXContainerItemProxy */;
		};
/* End PBXTargetDependency section */

/* Begin PBXVariantGroup section */
		0631C5632BCFAE9F0036910D /* LaunchScreen.storyboard */ = {
			isa = PBXVariantGroup;
			children = (
				0631C5642BCFAE9F0036910D /* Base */,
			);
			name = LaunchScreen.storyboard;
			sourceTree = "<group>";
		};
/* End PBXVariantGroup section */

/* Begin XCBuildConfiguration section */
		0631C57D2BCFAEA00036910D /* Debug */ = {
			isa = XCBuildConfiguration;
			buildSettings = {
				ALWAYS_SEARCH_USER_PATHS = NO;
				ASSETCATALOG_COMPILER_GENERATE_SWIFT_ASSET_SYMBOL_EXTENSIONS = YES;
				CLANG_ANALYZER_NONNULL = YES;
				CLANG_ANALYZER_NUMBER_OBJECT_CONVERSION = YES_AGGRESSIVE;
				CLANG_CXX_LANGUAGE_STANDARD = "gnu++20";
				CLANG_ENABLE_MODULES = YES;
				CLANG_ENABLE_OBJC_ARC = YES;
				CLANG_ENABLE_OBJC_WEAK = YES;
				CLANG_WARN_BLOCK_CAPTURE_AUTORELEASING = YES;
				CLANG_WARN_BOOL_CONVERSION = YES;
				CLANG_WARN_COMMA = YES;
				CLANG_WARN_CONSTANT_CONVERSION = YES;
				CLANG_WARN_DEPRECATED_OBJC_IMPLEMENTATIONS = YES;
				CLANG_WARN_DIRECT_OBJC_ISA_USAGE = YES_ERROR;
				CLANG_WARN_DOCUMENTATION_COMMENTS = YES;
				CLANG_WARN_EMPTY_BODY = YES;
				CLANG_WARN_ENUM_CONVERSION = YES;
				CLANG_WARN_INFINITE_RECURSION = YES;
				CLANG_WARN_INT_CONVERSION = YES;
				CLANG_WARN_NON_LITERAL_NULL_CONVERSION = YES;
				CLANG_WARN_OBJC_IMPLICIT_RETAIN_SELF = YES;
				CLANG_WARN_OBJC_LITERAL_CONVERSION = YES;
				CLANG_WARN_OBJC_ROOT_CLASS = YES_ERROR;
				CLANG_WARN_QUOTED_INCLUDE_IN_FRAMEWORK_HEADER = YES;
				CLANG_WARN_RANGE_LOOP_ANALYSIS = YES;
				CLANG_WARN_STRICT_PROTOTYPES = YES;
				CLANG_WARN_SUSPICIOUS_MOVE = YES;
				CLANG_WARN_UNGUARDED_AVAILABILITY = YES_AGGRESSIVE;
				CLANG_WARN_UNREACHABLE_CODE = YES;
				CLANG_WARN__DUPLICATE_METHOD_MATCH = YES;
				COPY_PHASE_STRIP = NO;
				DEBUG_INFORMATION_FORMAT = dwarf;
				ENABLE_STRICT_OBJC_MSGSEND = YES;
				ENABLE_TESTABILITY = YES;
				ENABLE_USER_SCRIPT_SANDBOXING = YES;
				GCC_C_LANGUAGE_STANDARD = gnu17;
				GCC_DYNAMIC_NO_PIC = NO;
				GCC_NO_COMMON_BLOCKS = YES;
				GCC_OPTIMIZATION_LEVEL = 0;
				GCC_PREPROCESSOR_DEFINITIONS = (
					"DEBUG=1",
					"$(inherited)",
				);
				GCC_WARN_64_TO_32_BIT_CONVERSION = YES;
				GCC_WARN_ABOUT_RETURN_TYPE = YES_ERROR;
				GCC_WARN_UNDECLARED_SELECTOR = YES;
				GCC_WARN_UNINITIALIZED_AUTOS = YES_AGGRESSIVE;
				GCC_WARN_UNUSED_FUNCTION = YES;
				GCC_WARN_UNUSED_VARIABLE = YES;
				IPHONEOS_DEPLOYMENT_TARGET = 17.2;
				LOCALIZATION_PREFERS_STRING_CATALOGS = YES;
				MTL_ENABLE_DEBUG_INFO = INCLUDE_SOURCE;
				MTL_FAST_MATH = YES;
				ONLY_ACTIVE_ARCH = YES;
				SDKROOT = iphoneos;
				SWIFT_ACTIVE_COMPILATION_CONDITIONS = "DEBUG $(inherited)";
				SWIFT_OPTIMIZATION_LEVEL = "-Onone";
			};
			name = Debug;
		};
		0631C57E2BCFAEA00036910D /* Release */ = {
			isa = XCBuildConfiguration;
			buildSettings = {
				ALWAYS_SEARCH_USER_PATHS = NO;
				ASSETCATALOG_COMPILER_GENERATE_SWIFT_ASSET_SYMBOL_EXTENSIONS = YES;
				CLANG_ANALYZER_NONNULL = YES;
				CLANG_ANALYZER_NUMBER_OBJECT_CONVERSION = YES_AGGRESSIVE;
				CLANG_CXX_LANGUAGE_STANDARD = "gnu++20";
				CLANG_ENABLE_MODULES = YES;
				CLANG_ENABLE_OBJC_ARC = YES;
				CLANG_ENABLE_OBJC_WEAK = YES;
				CLANG_WARN_BLOCK_CAPTURE_AUTORELEASING = YES;
				CLANG_WARN_BOOL_CONVERSION = YES;
				CLANG_WARN_COMMA = YES;
				CLANG_WARN_CONSTANT_CONVERSION = YES;
				CLANG_WARN_DEPRECATED_OBJC_IMPLEMENTATIONS = YES;
				CLANG_WARN_DIRECT_OBJC_ISA_USAGE = YES_ERROR;
				CLANG_WARN_DOCUMENTATION_COMMENTS = YES;
				CLANG_WARN_EMPTY_BODY = YES;
				CLANG_WARN_ENUM_CONVERSION = YES;
				CLANG_WARN_INFINITE_RECURSION = YES;
				CLANG_WARN_INT_CONVERSION = YES;
				CLANG_WARN_NON_LITERAL_NULL_CONVERSION = YES;
				CLANG_WARN_OBJC_IMPLICIT_RETAIN_SELF = YES;
				CLANG_WARN_OBJC_LITERAL_CONVERSION = YES;
				CLANG_WARN_OBJC_ROOT_CLASS = YES_ERROR;
				CLANG_WARN_QUOTED_INCLUDE_IN_FRAMEWORK_HEADER = YES;
				CLANG_WARN_RANGE_LOOP_ANALYSIS = YES;
				CLANG_WARN_STRICT_PROTOTYPES = YES;
				CLANG_WARN_SUSPICIOUS_MOVE = YES;
				CLANG_WARN_UNGUARDED_AVAILABILITY = YES_AGGRESSIVE;
				CLANG_WARN_UNREACHABLE_CODE = YES;
				CLANG_WARN__DUPLICATE_METHOD_MATCH = YES;
				COPY_PHASE_STRIP = NO;
				DEBUG_INFORMATION_FORMAT = "dwarf-with-dsym";
				ENABLE_NS_ASSERTIONS = NO;
				ENABLE_STRICT_OBJC_MSGSEND = YES;
				ENABLE_USER_SCRIPT_SANDBOXING = YES;
				GCC_C_LANGUAGE_STANDARD = gnu17;
				GCC_NO_COMMON_BLOCKS = YES;
				GCC_WARN_64_TO_32_BIT_CONVERSION = YES;
				GCC_WARN_ABOUT_RETURN_TYPE = YES_ERROR;
				GCC_WARN_UNDECLARED_SELECTOR = YES;
				GCC_WARN_UNINITIALIZED_AUTOS = YES_AGGRESSIVE;
				GCC_WARN_UNUSED_FUNCTION = YES;
				GCC_WARN_UNUSED_VARIABLE = YES;
				IPHONEOS_DEPLOYMENT_TARGET = 17.2;
				LOCALIZATION_PREFERS_STRING_CATALOGS = YES;
				MTL_ENABLE_DEBUG_INFO = NO;
				MTL_FAST_MATH = YES;
				SDKROOT = iphoneos;
				SWIFT_COMPILATION_MODE = wholemodule;
				VALIDATE_PRODUCT = YES;
			};
			name = Release;
		};
		0631C5802BCFAEA00036910D /* Debug */ = {
			isa = XCBuildConfiguration;
			buildSettings = {
				ASSETCATALOG_COMPILER_APPICON_NAME = AppIcon;
				ASSETCATALOG_COMPILER_GLOBAL_ACCENT_COLOR_NAME = AccentColor;
				CODE_SIGN_STYLE = Automatic;
				CURRENT_PROJECT_VERSION = 1;
				GENERATE_INFOPLIST_FILE = YES;
				INFOPLIST_FILE = TipCaliculator/Info.plist;
				INFOPLIST_KEY_UIApplicationSupportsIndirectInputEvents = YES;
				INFOPLIST_KEY_UILaunchStoryboardName = LaunchScreen;
				INFOPLIST_KEY_UISupportedInterfaceOrientations_iPad = "UIInterfaceOrientationPortrait UIInterfaceOrientationPortraitUpsideDown UIInterfaceOrientationLandscapeLeft UIInterfaceOrientationLandscapeRight";
				INFOPLIST_KEY_UISupportedInterfaceOrientations_iPhone = "UIInterfaceOrientationPortrait UIInterfaceOrientationLandscapeLeft UIInterfaceOrientationLandscapeRight";
				LD_RUNPATH_SEARCH_PATHS = (
					"$(inherited)",
					"@executable_path/Frameworks",
				);
				MARKETING_VERSION = 1.0;
				PRODUCT_BUNDLE_IDENTIFIER = com.innominds.TipCaliculator;
				PRODUCT_NAME = "$(TARGET_NAME)";
				SWIFT_EMIT_LOC_STRINGS = YES;
				SWIFT_VERSION = 5.0;
				TARGETED_DEVICE_FAMILY = "1,2";
			};
			name = Debug;
		};
		0631C5812BCFAEA00036910D /* Release */ = {
			isa = XCBuildConfiguration;
			buildSettings = {
				ASSETCATALOG_COMPILER_APPICON_NAME = AppIcon;
				ASSETCATALOG_COMPILER_GLOBAL_ACCENT_COLOR_NAME = AccentColor;
				CODE_SIGN_STYLE = Automatic;
				CURRENT_PROJECT_VERSION = 1;
				GENERATE_INFOPLIST_FILE = YES;
				INFOPLIST_FILE = TipCaliculator/Info.plist;
				INFOPLIST_KEY_UIApplicationSupportsIndirectInputEvents = YES;
				INFOPLIST_KEY_UILaunchStoryboardName = LaunchScreen;
				INFOPLIST_KEY_UISupportedInterfaceOrientations_iPad = "UIInterfaceOrientationPortrait UIInterfaceOrientationPortraitUpsideDown UIInterfaceOrientationLandscapeLeft UIInterfaceOrientationLandscapeRight";
				INFOPLIST_KEY_UISupportedInterfaceOrientations_iPhone = "UIInterfaceOrientationPortrait UIInterfaceOrientationLandscapeLeft UIInterfaceOrientationLandscapeRight";
				LD_RUNPATH_SEARCH_PATHS = (
					"$(inherited)",
					"@executable_path/Frameworks",
				);
				MARKETING_VERSION = 1.0;
				PRODUCT_BUNDLE_IDENTIFIER = com.innominds.TipCaliculator;
				PRODUCT_NAME = "$(TARGET_NAME)";
				SWIFT_EMIT_LOC_STRINGS = YES;
				SWIFT_VERSION = 5.0;
				TARGETED_DEVICE_FAMILY = "1,2";
			};
			name = Release;
		};
		0631C5832BCFAEA00036910D /* Debug */ = {
			isa = XCBuildConfiguration;
			buildSettings = {
				ALWAYS_EMBED_SWIFT_STANDARD_LIBRARIES = YES;
				BUNDLE_LOADER = "$(TEST_HOST)";
				CODE_SIGN_STYLE = Automatic;
				CURRENT_PROJECT_VERSION = 1;
				GENERATE_INFOPLIST_FILE = YES;
				IPHONEOS_DEPLOYMENT_TARGET = 17.2;
				MARKETING_VERSION = 1.0;
				PRODUCT_BUNDLE_IDENTIFIER = com.innominds.TipCaliculatorTests;
				PRODUCT_NAME = "$(TARGET_NAME)";
				SWIFT_EMIT_LOC_STRINGS = NO;
				SWIFT_VERSION = 5.0;
				TARGETED_DEVICE_FAMILY = "1,2";
				TEST_HOST = "$(BUILT_PRODUCTS_DIR)/TipCaliculator.app/$(BUNDLE_EXECUTABLE_FOLDER_PATH)/TipCaliculator";
			};
			name = Debug;
		};
		0631C5842BCFAEA00036910D /* Release */ = {
			isa = XCBuildConfiguration;
			buildSettings = {
				ALWAYS_EMBED_SWIFT_STANDARD_LIBRARIES = YES;
				BUNDLE_LOADER = "$(TEST_HOST)";
				CODE_SIGN_STYLE = Automatic;
				CURRENT_PROJECT_VERSION = 1;
				GENERATE_INFOPLIST_FILE = YES;
				IPHONEOS_DEPLOYMENT_TARGET = 17.2;
				MARKETING_VERSION = 1.0;
				PRODUCT_BUNDLE_IDENTIFIER = com.innominds.TipCaliculatorTests;
				PRODUCT_NAME = "$(TARGET_NAME)";
				SWIFT_EMIT_LOC_STRINGS = NO;
				SWIFT_VERSION = 5.0;
				TARGETED_DEVICE_FAMILY = "1,2";
				TEST_HOST = "$(BUILT_PRODUCTS_DIR)/TipCaliculator.app/$(BUNDLE_EXECUTABLE_FOLDER_PATH)/TipCaliculator";
			};
			name = Release;
		};
		0631C5862BCFAEA00036910D /* Debug */ = {
			isa = XCBuildConfiguration;
			buildSettings = {
				ALWAYS_EMBED_SWIFT_STANDARD_LIBRARIES = YES;
				CODE_SIGN_STYLE = Automatic;
				CURRENT_PROJECT_VERSION = 1;
				GENERATE_INFOPLIST_FILE = YES;
				MARKETING_VERSION = 1.0;
				PRODUCT_BUNDLE_IDENTIFIER = com.innominds.TipCaliculatorUITests;
				PRODUCT_NAME = "$(TARGET_NAME)";
				SWIFT_EMIT_LOC_STRINGS = NO;
				SWIFT_VERSION = 5.0;
				TARGETED_DEVICE_FAMILY = "1,2";
				TEST_TARGET_NAME = TipCaliculator;
			};
			name = Debug;
		};
		0631C5872BCFAEA00036910D /* Release */ = {
			isa = XCBuildConfiguration;
			buildSettings = {
				ALWAYS_EMBED_SWIFT_STANDARD_LIBRARIES = YES;
				CODE_SIGN_STYLE = Automatic;
				CURRENT_PROJECT_VERSION = 1;
				GENERATE_INFOPLIST_FILE = YES;
				MARKETING_VERSION = 1.0;
				PRODUCT_BUNDLE_IDENTIFIER = com.innominds.TipCaliculatorUITests;
				PRODUCT_NAME = "$(TARGET_NAME)";
				SWIFT_EMIT_LOC_STRINGS = NO;
				SWIFT_VERSION = 5.0;
				TARGETED_DEVICE_FAMILY = "1,2";
				TEST_TARGET_NAME = TipCaliculator;
			};
			name = Release;
		};
/* End XCBuildConfiguration section */

/* Begin XCConfigurationList section */
		0631C5502BCFAE9D0036910D /* Build configuration list for PBXProject "TipCaliculator" */ = {
			isa = XCConfigurationList;
			buildConfigurations = (
				0631C57D2BCFAEA00036910D /* Debug */,
				0631C57E2BCFAEA00036910D /* Release */,
			);
			defaultConfigurationIsVisible = 0;
			defaultConfigurationName = Release;
		};
		0631C57F2BCFAEA00036910D /* Build configuration list for PBXNativeTarget "TipCaliculator" */ = {
			isa = XCConfigurationList;
			buildConfigurations = (
				0631C5802BCFAEA00036910D /* Debug */,
				0631C5812BCFAEA00036910D /* Release */,
			);
			defaultConfigurationIsVisible = 0;
			defaultConfigurationName = Release;
		};
		0631C5822BCFAEA00036910D /* Build configuration list for PBXNativeTarget "TipCaliculatorTests" */ = {
			isa = XCConfigurationList;
			buildConfigurations = (
				0631C5832BCFAEA00036910D /* Debug */,
				0631C5842BCFAEA00036910D /* Release */,
			);
			defaultConfigurationIsVisible = 0;
			defaultConfigurationName = Release;
		};
		0631C5852BCFAEA00036910D /* Build configuration list for PBXNativeTarget "TipCaliculatorUITests" */ = {
			isa = XCConfigurationList;
			buildConfigurations = (
				0631C5862BCFAEA00036910D /* Debug */,
				0631C5872BCFAEA00036910D /* Release */,
			);
			defaultConfigurationIsVisible = 0;
			defaultConfigurationName = Release;
		};
/* End XCConfigurationList section */

/* Begin XCRemoteSwiftPackageReference section */
		0631C5882BCFAF0C0036910D /* XCRemoteSwiftPackageReference "CombineCocoa" */ = {
			isa = XCRemoteSwiftPackageReference;
			repositoryURL = "https://github.com/CombineCommunity/CombineCocoa.git";
			requirement = {
				kind = upToNextMajorVersion;
				minimumVersion = 0.4.1;
			};
		};
		0631C58B2BCFAF400036910D /* XCRemoteSwiftPackageReference "SnapKit" */ = {
			isa = XCRemoteSwiftPackageReference;
			repositoryURL = "https://github.com/SnapKit/SnapKit.git";
			requirement = {
				kind = upToNextMajorVersion;
				minimumVersion = 5.7.1;
			};
		};
		0631C58F2BCFB0900036910D /* XCRemoteSwiftPackageReference "swift-snapshot-testing" */ = {
			isa = XCRemoteSwiftPackageReference;
			repositoryURL = "https://github.com/pointfreeco/swift-snapshot-testing";
			requirement = {
				kind = upToNextMinorVersion;
				minimumVersion = 1.16.0;
			};
		};
/* End XCRemoteSwiftPackageReference section */

/* Begin XCSwiftPackageProductDependency section */
		0631C5892BCFAF0C0036910D /* CombineCocoa */ = {
			isa = XCSwiftPackageProductDependency;
			package = 0631C5882BCFAF0C0036910D /* XCRemoteSwiftPackageReference "CombineCocoa" */;
			productName = CombineCocoa;
		};
		0631C58D2BCFB0160036910D /* CombineCocoa */ = {
			isa = XCSwiftPackageProductDependency;
			package = 0631C5882BCFAF0C0036910D /* XCRemoteSwiftPackageReference "CombineCocoa" */;
			productName = CombineCocoa;
		};
		0631C5902BCFB0900036910D /* SnapshotTesting */ = {
			isa = XCSwiftPackageProductDependency;
			package = 0631C58F2BCFB0900036910D /* XCRemoteSwiftPackageReference "swift-snapshot-testing" */;
			productName = SnapshotTesting;
		};
		0631C5922BCFB0B60036910D /* CombineCocoa */ = {
			isa = XCSwiftPackageProductDependency;
			package = 0631C5882BCFAF0C0036910D /* XCRemoteSwiftPackageReference "CombineCocoa" */;
			productName = CombineCocoa;
		};
		0631C59F2BCFB7B60036910D /* SnapKit */ = {
			isa = XCSwiftPackageProductDependency;
			package = 0631C58B2BCFAF400036910D /* XCRemoteSwiftPackageReference "SnapKit" */;
			productName = SnapKit;
		};
/* End XCSwiftPackageProductDependency section */
	};
	rootObject = 0631C54D2BCFAE9D0036910D /* Project object */;
}
